
Microsoft Visual Studio Solution File, Format Version 12.00
# Visual Studio 15
VisualStudioVersion = 15.0.28010.2046
MinimumVisualStudioVersion = 10.0.40219.1
Project("{FAE04EC0-301F-11D3-BF4B-00C04F79EFBC}") = "OpenGL_Game", "OpenGL_Game.csproj", "{2E6747F8-4FCB-40C5-88EB-1BB78B61F61D}"
EndProject
Project("{FAE04EC0-301F-11D3-BF4B-00C04F79EFBC}") = "GameEngine", "GameEngine\GameEngine.csproj", "{7D5DB5DD-71DB-46EB-A687-B3175CAC4AFD}"
EndProject
Global
	GlobalSection(SolutionConfigurationPlatforms) = preSolution
		Debug|Any CPU = Debug|Any CPU
		Debug|x86 = Debug|x86
		Release|Any CPU = Release|Any CPU
		Release|x86 = Release|x86
	EndGlobalSection
	GlobalSection(ProjectConfigurationPlatforms) = postSolution
		{2E6747F8-4FCB-40C5-88EB-1BB78B61F61D}.Debug|Any CPU.ActiveCfg = Debug|x86
		{2E6747F8-4FCB-40C5-88EB-1BB78B61F61D}.Debug|x86.ActiveCfg = Debug|x86
		{2E6747F8-4FCB-40C5-88EB-1BB78B61F61D}.Debug|x86.Build.0 = Debug|x86
		{2E6747F8-4FCB-40C5-88EB-1BB78B61F61D}.Release|Any CPU.ActiveCfg = Release|x86
		{2E6747F8-4FCB-40C5-88EB-1BB78B61F61D}.Release|x86.ActiveCfg = Release|x86
		{2E6747F8-4FCB-40C5-88EB-1BB78B61F61D}.Release|x86.Build.0 = Release|x86
		{7D5DB5DD-71DB-46EB-A687-B3175CAC4AFD}.Debug|Any CPU.ActiveCfg = Debug|Any CPU
		{7D5DB5DD-71DB-46EB-A687-B3175CAC4AFD}.Debug|Any CPU.Build.0 = Debug|Any CPU
		{7D5DB5DD-71DB-46EB-A687-B3175CAC4AFD}.Debug|x86.ActiveCfg = Debug|Any CPU
		{7D5DB5DD-71DB-46EB-A687-B3175CAC4AFD}.Debug|x86.Build.0 = Debug|Any CPU
		{7D5DB5DD-71DB-46EB-A687-B3175CAC4AFD}.Release|Any CPU.ActiveCfg = Release|Any CPU
		{7D5DB5DD-71DB-46EB-A687-B3175CAC4AFD}.Release|Any CPU.Build.0 = Release|Any CPU
		{7D5DB5DD-71DB-46EB-A687-B3175CAC4AFD}.Release|x86.ActiveCfg = Release|Any CPU
		{7D5DB5DD-71DB-46EB-A687-B3175CAC4AFD}.Release|x86.Build.0 = Release|Any CPU
	EndGlobalSection
	GlobalSection(SolutionProperties) = preSolution
		HideSolutionNode = FALSE
	EndGlobalSection
	GlobalSection(ExtensibilityGlobals) = postSolution
		SolutionGuid = {DFEEC298-2B54-4C5F-884B-E233D11810D4}
	EndGlobalSection
EndGlobal
